// !$*UTF8*$!
{
	archiveVersion = 1;
	classes = {
	};
	objectVersion = 56;
	objects = {

/* Begin PBXBuildFile section */
		4CD1166929D6384100626FB6 /* CosmoAppApp.swift in Sources */ = {isa = PBXBuildFile; fileRef = 4CD1166829D6384100626FB6 /* CosmoAppApp.swift */; };
		4CD1166B29D6384100626FB6 /* ContentView.swift in Sources */ = {isa = PBXBuildFile; fileRef = 4CD1166A29D6384100626FB6 /* ContentView.swift */; };
		4CD1166D29D6384300626FB6 /* Assets.xcassets in Resources */ = {isa = PBXBuildFile; fileRef = 4CD1166C29D6384300626FB6 /* Assets.xcassets */; };
		4CD1167029D6384300626FB6 /* Preview Assets.xcassets in Resources */ = {isa = PBXBuildFile; fileRef = 4CD1166F29D6384300626FB6 /* Preview Assets.xcassets */; };
		4CD1167229D6384300626FB6 /* Persistence.swift in Sources */ = {isa = PBXBuildFile; fileRef = 4CD1167129D6384300626FB6 /* Persistence.swift */; };
		4CD1167529D6384300626FB6 /* CosmoApp.xcdatamodeld in Sources */ = {isa = PBXBuildFile; fileRef = 4CD1167329D6384300626FB6 /* CosmoApp.xcdatamodeld */; };
		4CD1167F29D6384300626FB6 /* CosmoAppTests.swift in Sources */ = {isa = PBXBuildFile; fileRef = 4CD1167E29D6384300626FB6 /* CosmoAppTests.swift */; };
		4CD1168929D6384300626FB6 /* CosmoAppUITests.swift in Sources */ = {isa = PBXBuildFile; fileRef = 4CD1168829D6384300626FB6 /* CosmoAppUITests.swift */; };
		4CD1168B29D6384300626FB6 /* CosmoAppUITestsLaunchTests.swift in Sources */ = {isa = PBXBuildFile; fileRef = 4CD1168A29D6384300626FB6 /* CosmoAppUITestsLaunchTests.swift */; };
		4CD1169929D6387400626FB6 /* Version.swift in Sources */ = {isa = PBXBuildFile; fileRef = 4CD1169829D6387400626FB6 /* Version.swift */; };
		4CD1169B29D63AB900626FB6 /* VersionTests.swift in Sources */ = {isa = PBXBuildFile; fileRef = 4CD1169A29D63AB900626FB6 /* VersionTests.swift */; };
		4CD1169D29D6433900626FB6 /* LightValue.swift in Sources */ = {isa = PBXBuildFile; fileRef = 4CD1169C29D6433900626FB6 /* LightValue.swift */; };
		4CD1169F29D6440900626FB6 /* LightValueTests.swift in Sources */ = {isa = PBXBuildFile; fileRef = 4CD1169E29D6440900626FB6 /* LightValueTests.swift */; };
		4CD116A129D6484000626FB6 /* Output.swift in Sources */ = {isa = PBXBuildFile; fileRef = 4CD116A029D6484000626FB6 /* Output.swift */; };
		4CD116A429D6489400626FB6 /* Model.swift in Sources */ = {isa = PBXBuildFile; fileRef = 4CD116A329D6489400626FB6 /* Model.swift */; };
		4CD116A629D648B400626FB6 /* LightMode.swift in Sources */ = {isa = PBXBuildFile; fileRef = 4CD116A529D648B400626FB6 /* LightMode.swift */; };
		4CD116A829D648C900626FB6 /* InstallationMode.swift in Sources */ = {isa = PBXBuildFile; fileRef = 4CD116A729D648C900626FB6 /* InstallationMode.swift */; };
		4CD116AA29D648DA00626FB6 /* Device.swift in Sources */ = {isa = PBXBuildFile; fileRef = 4CD116A929D648DA00626FB6 /* Device.swift */; };
		4CD116AC29D64A3900626FB6 /* NetworkResult.swift in Sources */ = {isa = PBXBuildFile; fileRef = 4CD116AB29D64A3900626FB6 /* NetworkResult.swift */; };
		4CD116AE29D64AC500626FB6 /* DeviceTests.swift in Sources */ = {isa = PBXBuildFile; fileRef = 4CD116AD29D64AC500626FB6 /* DeviceTests.swift */; };
		4CD116B029D6F1E400626FB6 /* jsonData.swift in Sources */ = {isa = PBXBuildFile; fileRef = 4CD116AF29D6F1E400626FB6 /* jsonData.swift */; };
		4CD116B229D7792B00626FB6 /* NetworkResultTests.swift in Sources */ = {isa = PBXBuildFile; fileRef = 4CD116B129D7792B00626FB6 /* NetworkResultTests.swift */; };
/* End PBXBuildFile section */

/* Begin PBXContainerItemProxy section */
		4CD1167B29D6384300626FB6 /* PBXContainerItemProxy */ = {
			isa = PBXContainerItemProxy;
			containerPortal = 4CD1165D29D6384100626FB6 /* Project object */;
			proxyType = 1;
			remoteGlobalIDString = 4CD1166429D6384100626FB6;
			remoteInfo = CosmoApp;
		};
		4CD1168529D6384300626FB6 /* PBXContainerItemProxy */ = {
			isa = PBXContainerItemProxy;
			containerPortal = 4CD1165D29D6384100626FB6 /* Project object */;
			proxyType = 1;
			remoteGlobalIDString = 4CD1166429D6384100626FB6;
			remoteInfo = CosmoApp;
		};
/* End PBXContainerItemProxy section */

/* Begin PBXFileReference section */
		4CD1166529D6384100626FB6 /* CosmoApp.app */ = {isa = PBXFileReference; explicitFileType = wrapper.application; includeInIndex = 0; path = CosmoApp.app; sourceTree = BUILT_PRODUCTS_DIR; };
		4CD1166829D6384100626FB6 /* CosmoAppApp.swift */ = {isa = PBXFileReference; lastKnownFileType = sourcecode.swift; path = CosmoAppApp.swift; sourceTree = "<group>"; };
		4CD1166A29D6384100626FB6 /* ContentView.swift */ = {isa = PBXFileReference; lastKnownFileType = sourcecode.swift; path = ContentView.swift; sourceTree = "<group>"; };
		4CD1166C29D6384300626FB6 /* Assets.xcassets */ = {isa = PBXFileReference; lastKnownFileType = folder.assetcatalog; path = Assets.xcassets; sourceTree = "<group>"; };
		4CD1166F29D6384300626FB6 /* Preview Assets.xcassets */ = {isa = PBXFileReference; lastKnownFileType = folder.assetcatalog; path = "Preview Assets.xcassets"; sourceTree = "<group>"; };
		4CD1167129D6384300626FB6 /* Persistence.swift */ = {isa = PBXFileReference; lastKnownFileType = sourcecode.swift; path = Persistence.swift; sourceTree = "<group>"; };
		4CD1167429D6384300626FB6 /* CosmoApp.xcdatamodel */ = {isa = PBXFileReference; lastKnownFileType = wrapper.xcdatamodel; path = CosmoApp.xcdatamodel; sourceTree = "<group>"; };
		4CD1167A29D6384300626FB6 /* CosmoAppTests.xctest */ = {isa = PBXFileReference; explicitFileType = wrapper.cfbundle; includeInIndex = 0; path = CosmoAppTests.xctest; sourceTree = BUILT_PRODUCTS_DIR; };
		4CD1167E29D6384300626FB6 /* CosmoAppTests.swift */ = {isa = PBXFileReference; lastKnownFileType = sourcecode.swift; path = CosmoAppTests.swift; sourceTree = "<group>"; };
		4CD1168429D6384300626FB6 /* CosmoAppUITests.xctest */ = {isa = PBXFileReference; explicitFileType = wrapper.cfbundle; includeInIndex = 0; path = CosmoAppUITests.xctest; sourceTree = BUILT_PRODUCTS_DIR; };
		4CD1168829D6384300626FB6 /* CosmoAppUITests.swift */ = {isa = PBXFileReference; lastKnownFileType = sourcecode.swift; path = CosmoAppUITests.swift; sourceTree = "<group>"; };
		4CD1168A29D6384300626FB6 /* CosmoAppUITestsLaunchTests.swift */ = {isa = PBXFileReference; lastKnownFileType = sourcecode.swift; path = CosmoAppUITestsLaunchTests.swift; sourceTree = "<group>"; };
		4CD1169829D6387400626FB6 /* Version.swift */ = {isa = PBXFileReference; lastKnownFileType = sourcecode.swift; path = Version.swift; sourceTree = "<group>"; };
		4CD1169A29D63AB900626FB6 /* VersionTests.swift */ = {isa = PBXFileReference; lastKnownFileType = sourcecode.swift; path = VersionTests.swift; sourceTree = "<group>"; };
		4CD1169C29D6433900626FB6 /* LightValue.swift */ = {isa = PBXFileReference; lastKnownFileType = sourcecode.swift; path = LightValue.swift; sourceTree = "<group>"; };
		4CD1169E29D6440900626FB6 /* LightValueTests.swift */ = {isa = PBXFileReference; lastKnownFileType = sourcecode.swift; path = LightValueTests.swift; sourceTree = "<group>"; };
		4CD116A029D6484000626FB6 /* Output.swift */ = {isa = PBXFileReference; lastKnownFileType = sourcecode.swift; path = Output.swift; sourceTree = "<group>"; };
		4CD116A329D6489400626FB6 /* Model.swift */ = {isa = PBXFileReference; lastKnownFileType = sourcecode.swift; path = Model.swift; sourceTree = "<group>"; };
		4CD116A529D648B400626FB6 /* LightMode.swift */ = {isa = PBXFileReference; lastKnownFileType = sourcecode.swift; path = LightMode.swift; sourceTree = "<group>"; };
		4CD116A729D648C900626FB6 /* InstallationMode.swift */ = {isa = PBXFileReference; lastKnownFileType = sourcecode.swift; path = InstallationMode.swift; sourceTree = "<group>"; };
		4CD116A929D648DA00626FB6 /* Device.swift */ = {isa = PBXFileReference; lastKnownFileType = sourcecode.swift; path = Device.swift; sourceTree = "<group>"; };
		4CD116AB29D64A3900626FB6 /* NetworkResult.swift */ = {isa = PBXFileReference; lastKnownFileType = sourcecode.swift; path = NetworkResult.swift; sourceTree = "<group>"; };
		4CD116AD29D64AC500626FB6 /* DeviceTests.swift */ = {isa = PBXFileReference; lastKnownFileType = sourcecode.swift; path = DeviceTests.swift; sourceTree = "<group>"; };
		4CD116AF29D6F1E400626FB6 /* jsonData.swift */ = {isa = PBXFileReference; lastKnownFileType = sourcecode.swift; path = jsonData.swift; sourceTree = "<group>"; };
		4CD116B129D7792B00626FB6 /* NetworkResultTests.swift */ = {isa = PBXFileReference; lastKnownFileType = sourcecode.swift; path = NetworkResultTests.swift; sourceTree = "<group>"; };
/* End PBXFileReference section */

/* Begin PBXFrameworksBuildPhase section */
		4CD1166229D6384100626FB6 /* Frameworks */ = {
			isa = PBXFrameworksBuildPhase;
			buildActionMask = 2147483647;
			files = (
			);
			runOnlyForDeploymentPostprocessing = 0;
		};
		4CD1167729D6384300626FB6 /* Frameworks */ = {
			isa = PBXFrameworksBuildPhase;
			buildActionMask = 2147483647;
			files = (
			);
			runOnlyForDeploymentPostprocessing = 0;
		};
		4CD1168129D6384300626FB6 /* Frameworks */ = {
			isa = PBXFrameworksBuildPhase;
			buildActionMask = 2147483647;
			files = (
			);
			runOnlyForDeploymentPostprocessing = 0;
		};
/* End PBXFrameworksBuildPhase section */

/* Begin PBXGroup section */
		4CD1165C29D6384100626FB6 = {
			isa = PBXGroup;
			children = (
				4CD1166729D6384100626FB6 /* CosmoApp */,
				4CD1167D29D6384300626FB6 /* CosmoAppTests */,
				4CD1168729D6384300626FB6 /* CosmoAppUITests */,
				4CD1166629D6384100626FB6 /* Products */,
			);
			sourceTree = "<group>";
		};
		4CD1166629D6384100626FB6 /* Products */ = {
			isa = PBXGroup;
			children = (
				4CD1166529D6384100626FB6 /* CosmoApp.app */,
				4CD1167A29D6384300626FB6 /* CosmoAppTests.xctest */,
				4CD1168429D6384300626FB6 /* CosmoAppUITests.xctest */,
			);
			name = Products;
			sourceTree = "<group>";
		};
		4CD1166729D6384100626FB6 /* CosmoApp */ = {
			isa = PBXGroup;
			children = (
				4CD1169729D6385700626FB6 /* DataModel */,
				4CD1166829D6384100626FB6 /* CosmoAppApp.swift */,
				4CD1166A29D6384100626FB6 /* ContentView.swift */,
				4CD1166C29D6384300626FB6 /* Assets.xcassets */,
				4CD1167129D6384300626FB6 /* Persistence.swift */,
				4CD1167329D6384300626FB6 /* CosmoApp.xcdatamodeld */,
				4CD1166E29D6384300626FB6 /* Preview Content */,
			);
			path = CosmoApp;
			sourceTree = "<group>";
		};
		4CD1166E29D6384300626FB6 /* Preview Content */ = {
			isa = PBXGroup;
			children = (
				4CD1166F29D6384300626FB6 /* Preview Assets.xcassets */,
			);
			path = "Preview Content";
			sourceTree = "<group>";
		};
		4CD1167D29D6384300626FB6 /* CosmoAppTests */ = {
			isa = PBXGroup;
			children = (
				4CD1167E29D6384300626FB6 /* CosmoAppTests.swift */,
				4CD1169A29D63AB900626FB6 /* VersionTests.swift */,
				4CD1169E29D6440900626FB6 /* LightValueTests.swift */,
				4CD116AD29D64AC500626FB6 /* DeviceTests.swift */,
				4CD116AF29D6F1E400626FB6 /* jsonData.swift */,
				4CD116B129D7792B00626FB6 /* NetworkResultTests.swift */,
			);
			path = CosmoAppTests;
			sourceTree = "<group>";
		};
		4CD1168729D6384300626FB6 /* CosmoAppUITests */ = {
			isa = PBXGroup;
			children = (
				4CD1168829D6384300626FB6 /* CosmoAppUITests.swift */,
				4CD1168A29D6384300626FB6 /* CosmoAppUITestsLaunchTests.swift */,
			);
			path = CosmoAppUITests;
			sourceTree = "<group>";
		};
		4CD1169729D6385700626FB6 /* DataModel */ = {
			isa = PBXGroup;
			children = (
				4CD116A229D6485700626FB6 /* PropertyWrapper */,
				4CD116A029D6484000626FB6 /* Output.swift */,
				4CD116A329D6489400626FB6 /* Model.swift */,
				4CD116A529D648B400626FB6 /* LightMode.swift */,
				4CD116A729D648C900626FB6 /* InstallationMode.swift */,
				4CD116A929D648DA00626FB6 /* Device.swift */,
				4CD116AB29D64A3900626FB6 /* NetworkResult.swift */,
			);
			path = DataModel;
			sourceTree = "<group>";
		};
		4CD116A229D6485700626FB6 /* PropertyWrapper */ = {
			isa = PBXGroup;
			children = (
				4CD1169829D6387400626FB6 /* Version.swift */,
				4CD1169C29D6433900626FB6 /* LightValue.swift */,
			);
			path = PropertyWrapper;
			sourceTree = "<group>";
		};
/* End PBXGroup section */

/* Begin PBXNativeTarget section */
		4CD1166429D6384100626FB6 /* CosmoApp */ = {
			isa = PBXNativeTarget;
			buildConfigurationList = 4CD1168E29D6384300626FB6 /* Build configuration list for PBXNativeTarget "CosmoApp" */;
			buildPhases = (
				4CD1166129D6384100626FB6 /* Sources */,
				4CD1166229D6384100626FB6 /* Frameworks */,
				4CD1166329D6384100626FB6 /* Resources */,
			);
			buildRules = (
			);
			dependencies = (
			);
			name = CosmoApp;
			productName = CosmoApp;
			productReference = 4CD1166529D6384100626FB6 /* CosmoApp.app */;
			productType = "com.apple.product-type.application";
		};
		4CD1167929D6384300626FB6 /* CosmoAppTests */ = {
			isa = PBXNativeTarget;
			buildConfigurationList = 4CD1169129D6384300626FB6 /* Build configuration list for PBXNativeTarget "CosmoAppTests" */;
			buildPhases = (
				4CD1167629D6384300626FB6 /* Sources */,
				4CD1167729D6384300626FB6 /* Frameworks */,
				4CD1167829D6384300626FB6 /* Resources */,
			);
			buildRules = (
			);
			dependencies = (
				4CD1167C29D6384300626FB6 /* PBXTargetDependency */,
			);
			name = CosmoAppTests;
			productName = CosmoAppTests;
			productReference = 4CD1167A29D6384300626FB6 /* CosmoAppTests.xctest */;
			productType = "com.apple.product-type.bundle.unit-test";
		};
		4CD1168329D6384300626FB6 /* CosmoAppUITests */ = {
			isa = PBXNativeTarget;
			buildConfigurationList = 4CD1169429D6384300626FB6 /* Build configuration list for PBXNativeTarget "CosmoAppUITests" */;
			buildPhases = (
				4CD1168029D6384300626FB6 /* Sources */,
				4CD1168129D6384300626FB6 /* Frameworks */,
				4CD1168229D6384300626FB6 /* Resources */,
			);
			buildRules = (
			);
			dependencies = (
				4CD1168629D6384300626FB6 /* PBXTargetDependency */,
			);
			name = CosmoAppUITests;
			productName = CosmoAppUITests;
			productReference = 4CD1168429D6384300626FB6 /* CosmoAppUITests.xctest */;
			productType = "com.apple.product-type.bundle.ui-testing";
		};
/* End PBXNativeTarget section */

/* Begin PBXProject section */
		4CD1165D29D6384100626FB6 /* Project object */ = {
			isa = PBXProject;
			attributes = {
				BuildIndependentTargetsInParallel = 1;
				LastSwiftUpdateCheck = 1420;
				LastUpgradeCheck = 1420;
				TargetAttributes = {
					4CD1166429D6384100626FB6 = {
						CreatedOnToolsVersion = 14.2;
					};
					4CD1167929D6384300626FB6 = {
						CreatedOnToolsVersion = 14.2;
						TestTargetID = 4CD1166429D6384100626FB6;
					};
					4CD1168329D6384300626FB6 = {
						CreatedOnToolsVersion = 14.2;
						TestTargetID = 4CD1166429D6384100626FB6;
					};
				};
			};
			buildConfigurationList = 4CD1166029D6384100626FB6 /* Build configuration list for PBXProject "CosmoApp" */;
			compatibilityVersion = "Xcode 14.0";
			developmentRegion = en;
			hasScannedForEncodings = 0;
			knownRegions = (
				en,
				Base,
			);
			mainGroup = 4CD1165C29D6384100626FB6;
			productRefGroup = 4CD1166629D6384100626FB6 /* Products */;
			projectDirPath = "";
			projectRoot = "";
			targets = (
				4CD1166429D6384100626FB6 /* CosmoApp */,
				4CD1167929D6384300626FB6 /* CosmoAppTests */,
				4CD1168329D6384300626FB6 /* CosmoAppUITests */,
			);
		};
/* End PBXProject section */

/* Begin PBXResourcesBuildPhase section */
		4CD1166329D6384100626FB6 /* Resources */ = {
			isa = PBXResourcesBuildPhase;
			buildActionMask = 2147483647;
			files = (
				4CD1167029D6384300626FB6 /* Preview Assets.xcassets in Resources */,
				4CD1166D29D6384300626FB6 /* Assets.xcassets in Resources */,
			);
			runOnlyForDeploymentPostprocessing = 0;
		};
		4CD1167829D6384300626FB6 /* Resources */ = {
			isa = PBXResourcesBuildPhase;
			buildActionMask = 2147483647;
			files = (
			);
			runOnlyForDeploymentPostprocessing = 0;
		};
		4CD1168229D6384300626FB6 /* Resources */ = {
			isa = PBXResourcesBuildPhase;
			buildActionMask = 2147483647;
			files = (
			);
			runOnlyForDeploymentPostprocessing = 0;
		};
/* End PBXResourcesBuildPhase section */

/* Begin PBXSourcesBuildPhase section */
		4CD1166129D6384100626FB6 /* Sources */ = {
			isa = PBXSourcesBuildPhase;
			buildActionMask = 2147483647;
			files = (
				4CD116AA29D648DA00626FB6 /* Device.swift in Sources */,
				4CD1169D29D6433900626FB6 /* LightValue.swift in Sources */,
				4CD1167229D6384300626FB6 /* Persistence.swift in Sources */,
				4CD116AC29D64A3900626FB6 /* NetworkResult.swift in Sources */,
				4CD1169929D6387400626FB6 /* Version.swift in Sources */,
				4CD116A629D648B400626FB6 /* LightMode.swift in Sources */,
				4CD116A129D6484000626FB6 /* Output.swift in Sources */,
				4CD1166B29D6384100626FB6 /* ContentView.swift in Sources */,
				4CD1166929D6384100626FB6 /* CosmoAppApp.swift in Sources */,
				4CD1167529D6384300626FB6 /* CosmoApp.xcdatamodeld in Sources */,
				4CD116A829D648C900626FB6 /* InstallationMode.swift in Sources */,
				4CD116A429D6489400626FB6 /* Model.swift in Sources */,
			);
			runOnlyForDeploymentPostprocessing = 0;
		};
		4CD1167629D6384300626FB6 /* Sources */ = {
			isa = PBXSourcesBuildPhase;
			buildActionMask = 2147483647;
			files = (
				4CD1169B29D63AB900626FB6 /* VersionTests.swift in Sources */,
				4CD1169F29D6440900626FB6 /* LightValueTests.swift in Sources */,
				4CD1167F29D6384300626FB6 /* CosmoAppTests.swift in Sources */,
				4CD116B229D7792B00626FB6 /* NetworkResultTests.swift in Sources */,
				4CD116AE29D64AC500626FB6 /* DeviceTests.swift in Sources */,
				4CD116B029D6F1E400626FB6 /* jsonData.swift in Sources */,
			);
			runOnlyForDeploymentPostprocessing = 0;
		};
		4CD1168029D6384300626FB6 /* Sources */ = {
			isa = PBXSourcesBuildPhase;
			buildActionMask = 2147483647;
			files = (
				4CD1168B29D6384300626FB6 /* CosmoAppUITestsLaunchTests.swift in Sources */,
				4CD1168929D6384300626FB6 /* CosmoAppUITests.swift in Sources */,
			);
			runOnlyForDeploymentPostprocessing = 0;
		};
/* End PBXSourcesBuildPhase section */

/* Begin PBXTargetDependency section */
		4CD1167C29D6384300626FB6 /* PBXTargetDependency */ = {
			isa = PBXTargetDependency;
			target = 4CD1166429D6384100626FB6 /* CosmoApp */;
			targetProxy = 4CD1167B29D6384300626FB6 /* PBXContainerItemProxy */;
		};
		4CD1168629D6384300626FB6 /* PBXTargetDependency */ = {
			isa = PBXTargetDependency;
			target = 4CD1166429D6384100626FB6 /* CosmoApp */;
			targetProxy = 4CD1168529D6384300626FB6 /* PBXContainerItemProxy */;
		};
/* End PBXTargetDependency section */

/* Begin XCBuildConfiguration section */
		4CD1168C29D6384300626FB6 /* Debug */ = {
			isa = XCBuildConfiguration;
			buildSettings = {
				ALWAYS_SEARCH_USER_PATHS = NO;
				CLANG_ANALYZER_NONNULL = YES;
				CLANG_ANALYZER_NUMBER_OBJECT_CONVERSION = YES_AGGRESSIVE;
				CLANG_CXX_LANGUAGE_STANDARD = "gnu++20";
				CLANG_ENABLE_MODULES = YES;
				CLANG_ENABLE_OBJC_ARC = YES;
				CLANG_ENABLE_OBJC_WEAK = YES;
				CLANG_WARN_BLOCK_CAPTURE_AUTORELEASING = YES;
				CLANG_WARN_BOOL_CONVERSION = YES;
				CLANG_WARN_COMMA = YES;
				CLANG_WARN_CONSTANT_CONVERSION = YES;
				CLANG_WARN_DEPRECATED_OBJC_IMPLEMENTATIONS = YES;
				CLANG_WARN_DIRECT_OBJC_ISA_USAGE = YES_ERROR;
				CLANG_WARN_DOCUMENTATION_COMMENTS = YES;
				CLANG_WARN_EMPTY_BODY = YES;
				CLANG_WARN_ENUM_CONVERSION = YES;
				CLANG_WARN_INFINITE_RECURSION = YES;
				CLANG_WARN_INT_CONVERSION = YES;
				CLANG_WARN_NON_LITERAL_NULL_CONVERSION = YES;
				CLANG_WARN_OBJC_IMPLICIT_RETAIN_SELF = YES;
				CLANG_WARN_OBJC_LITERAL_CONVERSION = YES;
				CLANG_WARN_OBJC_ROOT_CLASS = YES_ERROR;
				CLANG_WARN_QUOTED_INCLUDE_IN_FRAMEWORK_HEADER = YES;
				CLANG_WARN_RANGE_LOOP_ANALYSIS = YES;
				CLANG_WARN_STRICT_PROTOTYPES = YES;
				CLANG_WARN_SUSPICIOUS_MOVE = YES;
				CLANG_WARN_UNGUARDED_AVAILABILITY = YES_AGGRESSIVE;
				CLANG_WARN_UNREACHABLE_CODE = YES;
				CLANG_WARN__DUPLICATE_METHOD_MATCH = YES;
				COPY_PHASE_STRIP = NO;
				DEBUG_INFORMATION_FORMAT = dwarf;
				ENABLE_STRICT_OBJC_MSGSEND = YES;
				ENABLE_TESTABILITY = YES;
				GCC_C_LANGUAGE_STANDARD = gnu11;
				GCC_DYNAMIC_NO_PIC = NO;
				GCC_NO_COMMON_BLOCKS = YES;
				GCC_OPTIMIZATION_LEVEL = 0;
				GCC_PREPROCESSOR_DEFINITIONS = (
					"DEBUG=1",
					"$(inherited)",
				);
				GCC_WARN_64_TO_32_BIT_CONVERSION = YES;
				GCC_WARN_ABOUT_RETURN_TYPE = YES_ERROR;
				GCC_WARN_UNDECLARED_SELECTOR = YES;
				GCC_WARN_UNINITIALIZED_AUTOS = YES_AGGRESSIVE;
				GCC_WARN_UNUSED_FUNCTION = YES;
				GCC_WARN_UNUSED_VARIABLE = YES;
				IPHONEOS_DEPLOYMENT_TARGET = 16.2;
				MTL_ENABLE_DEBUG_INFO = INCLUDE_SOURCE;
				MTL_FAST_MATH = YES;
				ONLY_ACTIVE_ARCH = YES;
				SDKROOT = iphoneos;
				SWIFT_ACTIVE_COMPILATION_CONDITIONS = DEBUG;
				SWIFT_OPTIMIZATION_LEVEL = "-Onone";
			};
			name = Debug;
		};
		4CD1168D29D6384300626FB6 /* Release */ = {
			isa = XCBuildConfiguration;
			buildSettings = {
				ALWAYS_SEARCH_USER_PATHS = NO;
				CLANG_ANALYZER_NONNULL = YES;
				CLANG_ANALYZER_NUMBER_OBJECT_CONVERSION = YES_AGGRESSIVE;
				CLANG_CXX_LANGUAGE_STANDARD = "gnu++20";
				CLANG_ENABLE_MODULES = YES;
				CLANG_ENABLE_OBJC_ARC = YES;
				CLANG_ENABLE_OBJC_WEAK = YES;
				CLANG_WARN_BLOCK_CAPTURE_AUTORELEASING = YES;
				CLANG_WARN_BOOL_CONVERSION = YES;
				CLANG_WARN_COMMA = YES;
				CLANG_WARN_CONSTANT_CONVERSION = YES;
				CLANG_WARN_DEPRECATED_OBJC_IMPLEMENTATIONS = YES;
				CLANG_WARN_DIRECT_OBJC_ISA_USAGE = YES_ERROR;
				CLANG_WARN_DOCUMENTATION_COMMENTS = YES;
				CLANG_WARN_EMPTY_BODY = YES;
				CLANG_WARN_ENUM_CONVERSION = YES;
				CLANG_WARN_INFINITE_RECURSION = YES;
				CLANG_WARN_INT_CONVERSION = YES;
				CLANG_WARN_NON_LITERAL_NULL_CONVERSION = YES;
				CLANG_WARN_OBJC_IMPLICIT_RETAIN_SELF = YES;
				CLANG_WARN_OBJC_LITERAL_CONVERSION = YES;
				CLANG_WARN_OBJC_ROOT_CLASS = YES_ERROR;
				CLANG_WARN_QUOTED_INCLUDE_IN_FRAMEWORK_HEADER = YES;
				CLANG_WARN_RANGE_LOOP_ANALYSIS = YES;
				CLANG_WARN_STRICT_PROTOTYPES = YES;
				CLANG_WARN_SUSPICIOUS_MOVE = YES;
				CLANG_WARN_UNGUARDED_AVAILABILITY = YES_AGGRESSIVE;
				CLANG_WARN_UNREACHABLE_CODE = YES;
				CLANG_WARN__DUPLICATE_METHOD_MATCH = YES;
				COPY_PHASE_STRIP = NO;
				DEBUG_INFORMATION_FORMAT = "dwarf-with-dsym";
				ENABLE_NS_ASSERTIONS = NO;
				ENABLE_STRICT_OBJC_MSGSEND = YES;
				GCC_C_LANGUAGE_STANDARD = gnu11;
				GCC_NO_COMMON_BLOCKS = YES;
				GCC_WARN_64_TO_32_BIT_CONVERSION = YES;
				GCC_WARN_ABOUT_RETURN_TYPE = YES_ERROR;
				GCC_WARN_UNDECLARED_SELECTOR = YES;
				GCC_WARN_UNINITIALIZED_AUTOS = YES_AGGRESSIVE;
				GCC_WARN_UNUSED_FUNCTION = YES;
				GCC_WARN_UNUSED_VARIABLE = YES;
				IPHONEOS_DEPLOYMENT_TARGET = 16.2;
				MTL_ENABLE_DEBUG_INFO = NO;
				MTL_FAST_MATH = YES;
				SDKROOT = iphoneos;
				SWIFT_COMPILATION_MODE = wholemodule;
				SWIFT_OPTIMIZATION_LEVEL = "-O";
				VALIDATE_PRODUCT = YES;
			};
			name = Release;
		};
		4CD1168F29D6384300626FB6 /* Debug */ = {
			isa = XCBuildConfiguration;
			buildSettings = {
				ASSETCATALOG_COMPILER_APPICON_NAME = AppIcon;
				ASSETCATALOG_COMPILER_GLOBAL_ACCENT_COLOR_NAME = AccentColor;
				CODE_SIGN_STYLE = Automatic;
				CURRENT_PROJECT_VERSION = 1;
				DEVELOPMENT_ASSET_PATHS = "\"CosmoApp/Preview Content\"";
				DEVELOPMENT_TEAM = F8JRW6YF7X;
				ENABLE_PREVIEWS = YES;
				GENERATE_INFOPLIST_FILE = YES;
				INFOPLIST_KEY_UIApplicationSceneManifest_Generation = YES;
				INFOPLIST_KEY_UIApplicationSupportsIndirectInputEvents = YES;
				INFOPLIST_KEY_UILaunchScreen_Generation = YES;
				INFOPLIST_KEY_UISupportedInterfaceOrientations_iPad = "UIInterfaceOrientationPortrait UIInterfaceOrientationPortraitUpsideDown UIInterfaceOrientationLandscapeLeft UIInterfaceOrientationLandscapeRight";
				INFOPLIST_KEY_UISupportedInterfaceOrientations_iPhone = "UIInterfaceOrientationPortrait UIInterfaceOrientationLandscapeLeft UIInterfaceOrientationLandscapeRight";
				LD_RUNPATH_SEARCH_PATHS = (
					"$(inherited)",
					"@executable_path/Frameworks",
				);
				MARKETING_VERSION = 1.0;
				PRODUCT_BUNDLE_IDENTIFIER = Cosmo.CosmoApp;
				PRODUCT_NAME = "$(TARGET_NAME)";
				SWIFT_EMIT_LOC_STRINGS = YES;
				SWIFT_VERSION = 5.0;
				TARGETED_DEVICE_FAMILY = "1,2";
			};
			name = Debug;
		};
		4CD1169029D6384300626FB6 /* Release */ = {
			isa = XCBuildConfiguration;
			buildSettings = {
				ASSETCATALOG_COMPILER_APPICON_NAME = AppIcon;
				ASSETCATALOG_COMPILER_GLOBAL_ACCENT_COLOR_NAME = AccentColor;
				CODE_SIGN_STYLE = Automatic;
				CURRENT_PROJECT_VERSION = 1;
				DEVELOPMENT_ASSET_PATHS = "\"CosmoApp/Preview Content\"";
				DEVELOPMENT_TEAM = F8JRW6YF7X;
				ENABLE_PREVIEWS = YES;
				GENERATE_INFOPLIST_FILE = YES;
				INFOPLIST_KEY_UIApplicationSceneManifest_Generation = YES;
				INFOPLIST_KEY_UIApplicationSupportsIndirectInputEvents = YES;
				INFOPLIST_KEY_UILaunchScreen_Generation = YES;
				INFOPLIST_KEY_UISupportedInterfaceOrientations_iPad = "UIInterfaceOrientationPortrait UIInterfaceOrientationPortraitUpsideDown UIInterfaceOrientationLandscapeLeft UIInterfaceOrientationLandscapeRight";
				INFOPLIST_KEY_UISupportedInterfaceOrientations_iPhone = "UIInterfaceOrientationPortrait UIInterfaceOrientationLandscapeLeft UIInterfaceOrientationLandscapeRight";
				LD_RUNPATH_SEARCH_PATHS = (
					"$(inherited)",
					"@executable_path/Frameworks",
				);
				MARKETING_VERSION = 1.0;
				PRODUCT_BUNDLE_IDENTIFIER = Cosmo.CosmoApp;
				PRODUCT_NAME = "$(TARGET_NAME)";
				SWIFT_EMIT_LOC_STRINGS = YES;
				SWIFT_VERSION = 5.0;
				TARGETED_DEVICE_FAMILY = "1,2";
			};
			name = Release;
		};
		4CD1169229D6384300626FB6 /* Debug */ = {
			isa = XCBuildConfiguration;
			buildSettings = {
				ALWAYS_EMBED_SWIFT_STANDARD_LIBRARIES = YES;
				BUNDLE_LOADER = "$(TEST_HOST)";
				CODE_SIGN_STYLE = Automatic;
				CURRENT_PROJECT_VERSION = 1;
				DEVELOPMENT_TEAM = F8JRW6YF7X;
				GENERATE_INFOPLIST_FILE = YES;
				IPHONEOS_DEPLOYMENT_TARGET = 16.2;
				MARKETING_VERSION = 1.0;
				PRODUCT_BUNDLE_IDENTIFIER = Cosmo.CosmoAppTests;
				PRODUCT_NAME = "$(TARGET_NAME)";
				SWIFT_EMIT_LOC_STRINGS = NO;
				SWIFT_VERSION = 5.0;
				TARGETED_DEVICE_FAMILY = "1,2";
				TEST_HOST = "$(BUILT_PRODUCTS_DIR)/CosmoApp.app/$(BUNDLE_EXECUTABLE_FOLDER_PATH)/CosmoApp";
			};
			name = Debug;
		};
		4CD1169329D6384300626FB6 /* Release */ = {
			isa = XCBuildConfiguration;
			buildSettings = {
				ALWAYS_EMBED_SWIFT_STANDARD_LIBRARIES = YES;
				BUNDLE_LOADER = "$(TEST_HOST)";
				CODE_SIGN_STYLE = Automatic;
				CURRENT_PROJECT_VERSION = 1;
				DEVELOPMENT_TEAM = F8JRW6YF7X;
				GENERATE_INFOPLIST_FILE = YES;
				IPHONEOS_DEPLOYMENT_TARGET = 16.2;
				MARKETING_VERSION = 1.0;
				PRODUCT_BUNDLE_IDENTIFIER = Cosmo.CosmoAppTests;
				PRODUCT_NAME = "$(TARGET_NAME)";
				SWIFT_EMIT_LOC_STRINGS = NO;
				SWIFT_VERSION = 5.0;
				TARGETED_DEVICE_FAMILY = "1,2";
				TEST_HOST = "$(BUILT_PRODUCTS_DIR)/CosmoApp.app/$(BUNDLE_EXECUTABLE_FOLDER_PATH)/CosmoApp";
			};
			name = Release;
		};
		4CD1169529D6384300626FB6 /* Debug */ = {
			isa = XCBuildConfiguration;
			buildSettings = {
				ALWAYS_EMBED_SWIFT_STANDARD_LIBRARIES = YES;
				CODE_SIGN_STYLE = Automatic;
				CURRENT_PROJECT_VERSION = 1;
				DEVELOPMENT_TEAM = F8JRW6YF7X;
				GENERATE_INFOPLIST_FILE = YES;
				MARKETING_VERSION = 1.0;
				PRODUCT_BUNDLE_IDENTIFIER = Cosmo.CosmoAppUITests;
				PRODUCT_NAME = "$(TARGET_NAME)";
				SWIFT_EMIT_LOC_STRINGS = NO;
				SWIFT_VERSION = 5.0;
				TARGETED_DEVICE_FAMILY = "1,2";
				TEST_TARGET_NAME = CosmoApp;
			};
			name = Debug;
		};
		4CD1169629D6384300626FB6 /* Release */ = {
			isa = XCBuildConfiguration;
			buildSettings = {
				ALWAYS_EMBED_SWIFT_STANDARD_LIBRARIES = YES;
				CODE_SIGN_STYLE = Automatic;
				CURRENT_PROJECT_VERSION = 1;
				DEVELOPMENT_TEAM = F8JRW6YF7X;
				GENERATE_INFOPLIST_FILE = YES;
				MARKETING_VERSION = 1.0;
				PRODUCT_BUNDLE_IDENTIFIER = Cosmo.CosmoAppUITests;
				PRODUCT_NAME = "$(TARGET_NAME)";
				SWIFT_EMIT_LOC_STRINGS = NO;
				SWIFT_VERSION = 5.0;
				TARGETED_DEVICE_FAMILY = "1,2";
				TEST_TARGET_NAME = CosmoApp;
			};
			name = Release;
		};
/* End XCBuildConfiguration section */

/* Begin XCConfigurationList section */
		4CD1166029D6384100626FB6 /* Build configuration list for PBXProject "CosmoApp" */ = {
			isa = XCConfigurationList;
			buildConfigurations = (
				4CD1168C29D6384300626FB6 /* Debug */,
				4CD1168D29D6384300626FB6 /* Release */,
			);
			defaultConfigurationIsVisible = 0;
			defaultConfigurationName = Release;
		};
		4CD1168E29D6384300626FB6 /* Build configuration list for PBXNativeTarget "CosmoApp" */ = {
			isa = XCConfigurationList;
			buildConfigurations = (
				4CD1168F29D6384300626FB6 /* Debug */,
				4CD1169029D6384300626FB6 /* Release */,
			);
			defaultConfigurationIsVisible = 0;
			defaultConfigurationName = Release;
		};
		4CD1169129D6384300626FB6 /* Build configuration list for PBXNativeTarget "CosmoAppTests" */ = {
			isa = XCConfigurationList;
			buildConfigurations = (
				4CD1169229D6384300626FB6 /* Debug */,
				4CD1169329D6384300626FB6 /* Release */,
			);
			defaultConfigurationIsVisible = 0;
			defaultConfigurationName = Release;
		};
		4CD1169429D6384300626FB6 /* Build configuration list for PBXNativeTarget "CosmoAppUITests" */ = {
			isa = XCConfigurationList;
			buildConfigurations = (
				4CD1169529D6384300626FB6 /* Debug */,
				4CD1169629D6384300626FB6 /* Release */,
			);
			defaultConfigurationIsVisible = 0;
			defaultConfigurationName = Release;
		};
/* End XCConfigurationList section */

/* Begin XCVersionGroup section */
		4CD1167329D6384300626FB6 /* CosmoApp.xcdatamodeld */ = {
			isa = XCVersionGroup;
			children = (
				4CD1167429D6384300626FB6 /* CosmoApp.xcdatamodel */,
			);
			currentVersion = 4CD1167429D6384300626FB6 /* CosmoApp.xcdatamodel */;
			path = CosmoApp.xcdatamodeld;
			sourceTree = "<group>";
			versionGroupType = wrapper.xcdatamodel;
		};
/* End XCVersionGroup section */
	};
	rootObject = 4CD1165D29D6384100626FB6 /* Project object */;
}
